
Microsoft Visual Studio Solution File, Format Version 12.00
# Visual Studio 14
VisualStudioVersion = 14.0.25420.1
MinimumVisualStudioVersion = 10.0.40219.1
Project("{FAE04EC0-301F-11D3-BF4B-00C04F79EFBC}") = "SelectHRLoadTest", "SelectHRLoadTest\SelectHRLoadTest.csproj", "{C8AEC792-849C-49A5-B2FB-CB0D0A97105B}"
EndProject
Project("{2150E333-8FDC-42A3-9474-1A3956D46DE8}") = "Solution Items", "Solution Items", "{61D95768-6FA4-4A7A-B523-32A312B31D79}"
	ProjectSection(SolutionItems) = preProject
		Local.testsettings = Local.testsettings
	EndProjectSection
EndProject
Global
	GlobalSection(SolutionConfigurationPlatforms) = preSolution
		Debug|Any CPU = Debug|Any CPU
		Release|Any CPU = Release|Any CPU
	EndGlobalSection
	GlobalSection(ProjectConfigurationPlatforms) = postSolution
		{C8AEC792-849C-49A5-B2FB-CB0D0A97105B}.Debug|Any CPU.ActiveCfg = Debug|Any CPU
		{C8AEC792-849C-49A5-B2FB-CB0D0A97105B}.Debug|Any CPU.Build.0 = Debug|Any CPU
		{C8AEC792-849C-49A5-B2FB-CB0D0A97105B}.Release|Any CPU.ActiveCfg = Release|Any CPU
		{C8AEC792-849C-49A5-B2FB-CB0D0A97105B}.Release|Any CPU.Build.0 = Release|Any CPU
	EndGlobalSection
	GlobalSection(SolutionProperties) = preSolution
		HideSolutionNode = FALSE
	EndGlobalSection
EndGlobal
